{
  "name": "perps-bench-bullet-builder",
  "lockfileVersion": 3,
  "requires": true,
  "packages": {
    "": {
      "name": "perps-bench-bullet-builder",
      "dependencies": {
        "@bulletxyz/sdk-wasm": "0.0.37"
      },
      "engines": {
        "node": ">=20"
      }
    },
    "node_modules/@bulletxyz/sdk-wasm": {
      "version": "0.0.37",
      "resolved": "https://registry.npmjs.org/@bulletxyz/sdk-wasm/-/sdk-wasm-0.0.37.tgz",
      "integrity": "sha512-nboHlYTVwhTaZob8bwh4hEfwr34fPt2htuluUpI43cCzJwZ1oTbKu92v+oSkkSihCN2/o6nVTcKY3TJu0m4Utw==",
      "license": "MIT"
    }
  }
}
