{
  "name": "perps-bench-bullet-builder",
  "lockfileVersion": 3,
  "requires": true,
  "packages": {
    "": {
      "name": "perps-bench-bullet-builder",
      "dependencies": {
        "@bulletxyz/sdk-wasm": "0.0.35"
      },
      "engines": {
        "node": ">=20"
      }
    },
    "node_modules/@bulletxyz/sdk-wasm": {
      "version": "0.0.35",
      "resolved": "https://registry.npmjs.org/@bulletxyz/sdk-wasm/-/sdk-wasm-0.0.35.tgz",
      "integrity": "sha512-dMAWpr6F5faO+boOPkjxMvH4k+HUYXN0WrmweJy/bAcYJc23gC/abchgSULGnVQ79ysH9jaGbT8ViRcN4jjAlg==",
      "license": "MIT"
    }
  }
}
